
Microsoft Visual Studio Solution File, Format Version 12.00
# Visual Studio Version 17
VisualStudioVersion = 17.7.34221.43
MinimumVisualStudioVersion = 10.0.40219.1
Project("{FAE04EC0-301F-11D3-BF4B-00C04F79EFBC}") = "TypesAndVariables", "TypesAndVariables\TypesAndVariables.csproj", "{69F05DB5-16BF-409A-8EBC-09E75EED5EAB}"
EndProject
Project("{FAE04EC0-301F-11D3-BF4B-00C04F79EFBC}") = "Conditionals", "Conditionals\Conditionals.csproj", "{FC5F0B57-E9A0-430F-9F31-932E712C8B28}"
EndProject
Project("{FAE04EC0-301F-11D3-BF4B-00C04F79EFBC}") = "Methods", "Methods\Methods.csproj", "{DB7AE1D5-B7CC-4F4D-8C79-C178499E1B73}"
EndProject
Project("{FAE04EC0-301F-11D3-BF4B-00C04F79EFBC}") = "Arrays", "Arrays\Arrays.csproj", "{DBD8CDA9-8277-40A4-9439-8DE7A21F85A8}"
EndProject
Project("{FAE04EC0-301F-11D3-BF4B-00C04F79EFBC}") = "Loops", "Loops\Loops.csproj", "{8E7CEA86-7FD7-4F22-8C65-E1F247CABF45}"
EndProject
Project("{FAE04EC0-301F-11D3-BF4B-00C04F79EFBC}") = "Strings", "Strings\Strings.csproj", "{0DD96012-8C90-4DE5-B533-3A1199DB6204}"
EndProject
Project("{FAE04EC0-301F-11D3-BF4B-00C04F79EFBC}") = "Classes", "Classes\Classes.csproj", "{DED4489B-9A6E-4FCA-8BFD-FF0D19C09DEA}"
EndProject
Project("{FAE04EC0-301F-11D3-BF4B-00C04F79EFBC}") = "PairPracticeLottery", "PairPracticeLottery\PairPracticeLottery.csproj", "{6E363A85-16B3-4A7A-BC32-6C8166B72AD4}"
EndProject
Project("{FAE04EC0-301F-11D3-BF4B-00C04F79EFBC}") = "RecapDemo1", "RecapDemo1\RecapDemo1.csproj", "{37BBBD08-5DFF-4E39-9B08-96938C3E8DE2}"
EndProject
Project("{FAE04EC0-301F-11D3-BF4B-00C04F79EFBC}") = "Interfaces", "Interfaces\Interfaces.csproj", "{72DCBCA0-0468-4DE1-A5CD-655B02836FEB}"
EndProject
Global
	GlobalSection(SolutionConfigurationPlatforms) = preSolution
		Debug|Any CPU = Debug|Any CPU
		Release|Any CPU = Release|Any CPU
	EndGlobalSection
	GlobalSection(ProjectConfigurationPlatforms) = postSolution
		{69F05DB5-16BF-409A-8EBC-09E75EED5EAB}.Debug|Any CPU.ActiveCfg = Debug|Any CPU
		{69F05DB5-16BF-409A-8EBC-09E75EED5EAB}.Debug|Any CPU.Build.0 = Debug|Any CPU
		{69F05DB5-16BF-409A-8EBC-09E75EED5EAB}.Release|Any CPU.ActiveCfg = Release|Any CPU
		{69F05DB5-16BF-409A-8EBC-09E75EED5EAB}.Release|Any CPU.Build.0 = Release|Any CPU
		{FC5F0B57-E9A0-430F-9F31-932E712C8B28}.Debug|Any CPU.ActiveCfg = Debug|Any CPU
		{FC5F0B57-E9A0-430F-9F31-932E712C8B28}.Debug|Any CPU.Build.0 = Debug|Any CPU
		{FC5F0B57-E9A0-430F-9F31-932E712C8B28}.Release|Any CPU.ActiveCfg = Release|Any CPU
		{FC5F0B57-E9A0-430F-9F31-932E712C8B28}.Release|Any CPU.Build.0 = Release|Any CPU
		{DB7AE1D5-B7CC-4F4D-8C79-C178499E1B73}.Debug|Any CPU.ActiveCfg = Debug|Any CPU
		{DB7AE1D5-B7CC-4F4D-8C79-C178499E1B73}.Debug|Any CPU.Build.0 = Debug|Any CPU
		{DB7AE1D5-B7CC-4F4D-8C79-C178499E1B73}.Release|Any CPU.ActiveCfg = Release|Any CPU
		{DB7AE1D5-B7CC-4F4D-8C79-C178499E1B73}.Release|Any CPU.Build.0 = Release|Any CPU
		{DBD8CDA9-8277-40A4-9439-8DE7A21F85A8}.Debug|Any CPU.ActiveCfg = Debug|Any CPU
		{DBD8CDA9-8277-40A4-9439-8DE7A21F85A8}.Debug|Any CPU.Build.0 = Debug|Any CPU
		{DBD8CDA9-8277-40A4-9439-8DE7A21F85A8}.Release|Any CPU.ActiveCfg = Release|Any CPU
		{DBD8CDA9-8277-40A4-9439-8DE7A21F85A8}.Release|Any CPU.Build.0 = Release|Any CPU
		{8E7CEA86-7FD7-4F22-8C65-E1F247CABF45}.Debug|Any CPU.ActiveCfg = Debug|Any CPU
		{8E7CEA86-7FD7-4F22-8C65-E1F247CABF45}.Debug|Any CPU.Build.0 = Debug|Any CPU
		{8E7CEA86-7FD7-4F22-8C65-E1F247CABF45}.Release|Any CPU.ActiveCfg = Release|Any CPU
		{8E7CEA86-7FD7-4F22-8C65-E1F247CABF45}.Release|Any CPU.Build.0 = Release|Any CPU
		{0DD96012-8C90-4DE5-B533-3A1199DB6204}.Debug|Any CPU.ActiveCfg = Debug|Any CPU
		{0DD96012-8C90-4DE5-B533-3A1199DB6204}.Debug|Any CPU.Build.0 = Debug|Any CPU
		{0DD96012-8C90-4DE5-B533-3A1199DB6204}.Release|Any CPU.ActiveCfg = Release|Any CPU
		{0DD96012-8C90-4DE5-B533-3A1199DB6204}.Release|Any CPU.Build.0 = Release|Any CPU
		{DED4489B-9A6E-4FCA-8BFD-FF0D19C09DEA}.Debug|Any CPU.ActiveCfg = Debug|Any CPU
		{DED4489B-9A6E-4FCA-8BFD-FF0D19C09DEA}.Debug|Any CPU.Build.0 = Debug|Any CPU
		{DED4489B-9A6E-4FCA-8BFD-FF0D19C09DEA}.Release|Any CPU.ActiveCfg = Release|Any CPU
		{DED4489B-9A6E-4FCA-8BFD-FF0D19C09DEA}.Release|Any CPU.Build.0 = Release|Any CPU
		{6E363A85-16B3-4A7A-BC32-6C8166B72AD4}.Debug|Any CPU.ActiveCfg = Debug|Any CPU
		{6E363A85-16B3-4A7A-BC32-6C8166B72AD4}.Debug|Any CPU.Build.0 = Debug|Any CPU
		{6E363A85-16B3-4A7A-BC32-6C8166B72AD4}.Release|Any CPU.ActiveCfg = Release|Any CPU
		{6E363A85-16B3-4A7A-BC32-6C8166B72AD4}.Release|Any CPU.Build.0 = Release|Any CPU
		{37BBBD08-5DFF-4E39-9B08-96938C3E8DE2}.Debug|Any CPU.ActiveCfg = Debug|Any CPU
		{37BBBD08-5DFF-4E39-9B08-96938C3E8DE2}.Debug|Any CPU.Build.0 = Debug|Any CPU
		{37BBBD08-5DFF-4E39-9B08-96938C3E8DE2}.Release|Any CPU.ActiveCfg = Release|Any CPU
		{37BBBD08-5DFF-4E39-9B08-96938C3E8DE2}.Release|Any CPU.Build.0 = Release|Any CPU
		{72DCBCA0-0468-4DE1-A5CD-655B02836FEB}.Debug|Any CPU.ActiveCfg = Debug|Any CPU
		{72DCBCA0-0468-4DE1-A5CD-655B02836FEB}.Debug|Any CPU.Build.0 = Debug|Any CPU
		{72DCBCA0-0468-4DE1-A5CD-655B02836FEB}.Release|Any CPU.ActiveCfg = Release|Any CPU
		{72DCBCA0-0468-4DE1-A5CD-655B02836FEB}.Release|Any CPU.Build.0 = Release|Any CPU
	EndGlobalSection
	GlobalSection(SolutionProperties) = preSolution
		HideSolutionNode = FALSE
	EndGlobalSection
	GlobalSection(ExtensibilityGlobals) = postSolution
		SolutionGuid = {6D7C1F11-4274-4807-ADC2-A8771852C093}
	EndGlobalSection
EndGlobal
